Microsoft Visual Studio Solution File, Format Version 12.00
# Visual Studio Version 17
VisualStudioVersion = 17.5.2.0
MinimumVisualStudioVersion = 10.0.40219.1
Project("{FAE04EC0-301F-11D3-BF4B-00C04F79EFBC}") = "evoHike.Backend", "evoHike.Backend.csproj", "{ABD8A9EF-3360-D335-AEDD-61F82100EE9C}"
EndProject
Global
	GlobalSection(SolutionConfigurationPlatforms) = preSolution
		Debug|Any CPU = Debug|Any CPU
		Release|Any CPU = Release|Any CPU
	EndGlobalSection
	GlobalSection(ProjectConfigurationPlatforms) = postSolution
		{ABD8A9EF-3360-D335-AEDD-61F82100EE9C}.Debug|Any CPU.ActiveCfg = Debug|Any CPU
		{ABD8A9EF-3360-D335-AEDD-61F82100EE9C}.Debug|Any CPU.Build.0 = Debug|Any CPU
		{ABD8A9EF-3360-D335-AEDD-61F82100EE9C}.Release|Any CPU.ActiveCfg = Release|Any CPU
		{ABD8A9EF-3360-D335-AEDD-61F82100EE9C}.Release|Any CPU.Build.0 = Release|Any CPU
	EndGlobalSection
	GlobalSection(SolutionProperties) = preSolution
		HideSolutionNode = FALSE
	EndGlobalSection
	GlobalSection(ExtensibilityGlobals) = postSolution
		SolutionGuid = {4BD299D8-1969-40A4-B067-B7478D6D9665}
	EndGlobalSection
EndGlobal
